
Microsoft Visual Studio Solution File, Format Version 12.00
# Visual Studio Version 16
VisualStudioVersion = 16.0.29123.89
MinimumVisualStudioVersion = 15.0.26124.0
Project("{2150E333-8FDC-42A3-9474-1A3956D46DE8}") = "src", "src", "{48D133E2-0428-4425-BA47-49B570ED6732}"
EndProject
Project("{6EC3EE1D-3C4E-46DD-8F32-0CC8E7565705}") = "ITLab.Projects", "src\ITLab.Projects\ITLab.Projects.fsproj", "{E8DD4499-030E-4797-A8C9-BB6891AD907F}"
EndProject
Project("{2150E333-8FDC-42A3-9474-1A3956D46DE8}") = "tests", "tests", "{67DB06E6-6771-470C-9191-6BB5A66BC7A9}"
EndProject
Project("{6EC3EE1D-3C4E-46DD-8F32-0CC8E7565705}") = "ITLab.Projects.Tests", "tests\ITLab.Projects.Tests\ITLab.Projects.Tests.fsproj", "{3B48FC39-46D3-4B20-B593-972F9E9B5690}"
EndProject
Project("{2150E333-8FDC-42A3-9474-1A3956D46DE8}") = "Solution Items", "Solution Items", "{8CA054F0-8A0B-4021-BF79-E616EF89B0DC}"
	ProjectSection(SolutionItems) = preProject
		.dockerignore = .dockerignore
		azure-pipelines.yml = azure-pipelines.yml
		README.md = README.md
	EndProjectSection
EndProject
Project("{9A19103F-16F7-4668-BE54-9A1E7A4F7556}") = "ITLab.Projects.Database", "src\ITLab.Projects.Database\ITLab.Projects.Database.csproj", "{259CA951-309F-443D-8971-126224B21239}"
EndProject
Project("{6EC3EE1D-3C4E-46DD-8F32-0CC8E7565705}") = "ITLab.Projects.Models", "src\ITLab.Projects.Models\ITLab.Projects.Models.fsproj", "{D020ED14-EE30-44EF-B8A1-85C5289A6560}"
EndProject
Project("{6EC3EE1D-3C4E-46DD-8F32-0CC8E7565705}") = "ITLab.Projects.PublicAPI", "src\ITLab.Projects.PublicAPI\ITLab.Projects.PublicAPI.fsproj", "{B3153E69-7CA5-4F63-AAF0-EA56A6E5C386}"
EndProject
Project("{2150E333-8FDC-42A3-9474-1A3956D46DE8}") = "deploy", "deploy", "{0C640505-2236-440F-8BED-D8EDBAE9A30B}"
	ProjectSection(SolutionItems) = preProject
		deploy\Dockerfile = deploy\Dockerfile
	EndProjectSection
EndProject
Project("{2150E333-8FDC-42A3-9474-1A3956D46DE8}") = "docker", "docker", "{CC0A6B0D-BC42-4817-9B0C-8E18C48B32D1}"
	ProjectSection(SolutionItems) = preProject
		tests\docker\docker-compose.yml = tests\docker\docker-compose.yml
	EndProjectSection
EndProject
Project("{2150E333-8FDC-42A3-9474-1A3956D46DE8}") = "TestMace", "TestMace", "{882F8BED-7861-4B3B-89FE-620738E37710}"
	ProjectSection(SolutionItems) = preProject
		tests\TestMace\Dockerfile = tests\TestMace\Dockerfile
	EndProjectSection
EndProject
Project("{6EC3EE1D-3C4E-46DD-8F32-0CC8E7565705}") = "ITLab.Projects.Stuff", "src\ITLab.Projects.Stuff\ITLab.Projects.Stuff.fsproj", "{75823489-B986-493E-8968-22EA6A086769}"
EndProject
Global
	GlobalSection(SolutionConfigurationPlatforms) = preSolution
		Debug|Any CPU = Debug|Any CPU
		Debug|x64 = Debug|x64
		Debug|x86 = Debug|x86
		Release|Any CPU = Release|Any CPU
		Release|x64 = Release|x64
		Release|x86 = Release|x86
	EndGlobalSection
	GlobalSection(ProjectConfigurationPlatforms) = postSolution
		{E8DD4499-030E-4797-A8C9-BB6891AD907F}.Debug|Any CPU.ActiveCfg = Debug|Any CPU
		{E8DD4499-030E-4797-A8C9-BB6891AD907F}.Debug|Any CPU.Build.0 = Debug|Any CPU
		{E8DD4499-030E-4797-A8C9-BB6891AD907F}.Debug|x64.ActiveCfg = Debug|Any CPU
		{E8DD4499-030E-4797-A8C9-BB6891AD907F}.Debug|x64.Build.0 = Debug|Any CPU
		{E8DD4499-030E-4797-A8C9-BB6891AD907F}.Debug|x86.ActiveCfg = Debug|Any CPU
		{E8DD4499-030E-4797-A8C9-BB6891AD907F}.Debug|x86.Build.0 = Debug|Any CPU
		{E8DD4499-030E-4797-A8C9-BB6891AD907F}.Release|Any CPU.ActiveCfg = Release|Any CPU
		{E8DD4499-030E-4797-A8C9-BB6891AD907F}.Release|Any CPU.Build.0 = Release|Any CPU
		{E8DD4499-030E-4797-A8C9-BB6891AD907F}.Release|x64.ActiveCfg = Release|Any CPU
		{E8DD4499-030E-4797-A8C9-BB6891AD907F}.Release|x64.Build.0 = Release|Any CPU
		{E8DD4499-030E-4797-A8C9-BB6891AD907F}.Release|x86.ActiveCfg = Release|Any CPU
		{E8DD4499-030E-4797-A8C9-BB6891AD907F}.Release|x86.Build.0 = Release|Any CPU
		{3B48FC39-46D3-4B20-B593-972F9E9B5690}.Debug|Any CPU.ActiveCfg = Debug|Any CPU
		{3B48FC39-46D3-4B20-B593-972F9E9B5690}.Debug|Any CPU.Build.0 = Debug|Any CPU
		{3B48FC39-46D3-4B20-B593-972F9E9B5690}.Debug|x64.ActiveCfg = Debug|Any CPU
		{3B48FC39-46D3-4B20-B593-972F9E9B5690}.Debug|x64.Build.0 = Debug|Any CPU
		{3B48FC39-46D3-4B20-B593-972F9E9B5690}.Debug|x86.ActiveCfg = Debug|Any CPU
		{3B48FC39-46D3-4B20-B593-972F9E9B5690}.Debug|x86.Build.0 = Debug|Any CPU
		{3B48FC39-46D3-4B20-B593-972F9E9B5690}.Release|Any CPU.ActiveCfg = Release|Any CPU
		{3B48FC39-46D3-4B20-B593-972F9E9B5690}.Release|Any CPU.Build.0 = Release|Any CPU
		{3B48FC39-46D3-4B20-B593-972F9E9B5690}.Release|x64.ActiveCfg = Release|Any CPU
		{3B48FC39-46D3-4B20-B593-972F9E9B5690}.Release|x64.Build.0 = Release|Any CPU
		{3B48FC39-46D3-4B20-B593-972F9E9B5690}.Release|x86.ActiveCfg = Release|Any CPU
		{3B48FC39-46D3-4B20-B593-972F9E9B5690}.Release|x86.Build.0 = Release|Any CPU
		{259CA951-309F-443D-8971-126224B21239}.Debug|Any CPU.ActiveCfg = Debug|Any CPU
		{259CA951-309F-443D-8971-126224B21239}.Debug|Any CPU.Build.0 = Debug|Any CPU
		{259CA951-309F-443D-8971-126224B21239}.Debug|x64.ActiveCfg = Debug|Any CPU
		{259CA951-309F-443D-8971-126224B21239}.Debug|x64.Build.0 = Debug|Any CPU
		{259CA951-309F-443D-8971-126224B21239}.Debug|x86.ActiveCfg = Debug|Any CPU
		{259CA951-309F-443D-8971-126224B21239}.Debug|x86.Build.0 = Debug|Any CPU
		{259CA951-309F-443D-8971-126224B21239}.Release|Any CPU.ActiveCfg = Release|Any CPU
		{259CA951-309F-443D-8971-126224B21239}.Release|Any CPU.Build.0 = Release|Any CPU
		{259CA951-309F-443D-8971-126224B21239}.Release|x64.ActiveCfg = Release|Any CPU
		{259CA951-309F-443D-8971-126224B21239}.Release|x64.Build.0 = Release|Any CPU
		{259CA951-309F-443D-8971-126224B21239}.Release|x86.ActiveCfg = Release|Any CPU
		{259CA951-309F-443D-8971-126224B21239}.Release|x86.Build.0 = Release|Any CPU
		{D020ED14-EE30-44EF-B8A1-85C5289A6560}.Debug|Any CPU.ActiveCfg = Debug|Any CPU
		{D020ED14-EE30-44EF-B8A1-85C5289A6560}.Debug|Any CPU.Build.0 = Debug|Any CPU
		{D020ED14-EE30-44EF-B8A1-85C5289A6560}.Debug|x64.ActiveCfg = Debug|Any CPU
		{D020ED14-EE30-44EF-B8A1-85C5289A6560}.Debug|x64.Build.0 = Debug|Any CPU
		{D020ED14-EE30-44EF-B8A1-85C5289A6560}.Debug|x86.ActiveCfg = Debug|Any CPU
		{D020ED14-EE30-44EF-B8A1-85C5289A6560}.Debug|x86.Build.0 = Debug|Any CPU
		{D020ED14-EE30-44EF-B8A1-85C5289A6560}.Release|Any CPU.ActiveCfg = Release|Any CPU
		{D020ED14-EE30-44EF-B8A1-85C5289A6560}.Release|Any CPU.Build.0 = Release|Any CPU
		{D020ED14-EE30-44EF-B8A1-85C5289A6560}.Release|x64.ActiveCfg = Release|Any CPU
		{D020ED14-EE30-44EF-B8A1-85C5289A6560}.Release|x64.Build.0 = Release|Any CPU
		{D020ED14-EE30-44EF-B8A1-85C5289A6560}.Release|x86.ActiveCfg = Release|Any CPU
		{D020ED14-EE30-44EF-B8A1-85C5289A6560}.Release|x86.Build.0 = Release|Any CPU
		{B3153E69-7CA5-4F63-AAF0-EA56A6E5C386}.Debug|Any CPU.ActiveCfg = Debug|Any CPU
		{B3153E69-7CA5-4F63-AAF0-EA56A6E5C386}.Debug|Any CPU.Build.0 = Debug|Any CPU
		{B3153E69-7CA5-4F63-AAF0-EA56A6E5C386}.Debug|x64.ActiveCfg = Debug|Any CPU
		{B3153E69-7CA5-4F63-AAF0-EA56A6E5C386}.Debug|x64.Build.0 = Debug|Any CPU
		{B3153E69-7CA5-4F63-AAF0-EA56A6E5C386}.Debug|x86.ActiveCfg = Debug|Any CPU
		{B3153E69-7CA5-4F63-AAF0-EA56A6E5C386}.Debug|x86.Build.0 = Debug|Any CPU
		{B3153E69-7CA5-4F63-AAF0-EA56A6E5C386}.Release|Any CPU.ActiveCfg = Release|Any CPU
		{B3153E69-7CA5-4F63-AAF0-EA56A6E5C386}.Release|Any CPU.Build.0 = Release|Any CPU
		{B3153E69-7CA5-4F63-AAF0-EA56A6E5C386}.Release|x64.ActiveCfg = Release|Any CPU
		{B3153E69-7CA5-4F63-AAF0-EA56A6E5C386}.Release|x64.Build.0 = Release|Any CPU
		{B3153E69-7CA5-4F63-AAF0-EA56A6E5C386}.Release|x86.ActiveCfg = Release|Any CPU
		{B3153E69-7CA5-4F63-AAF0-EA56A6E5C386}.Release|x86.Build.0 = Release|Any CPU
		{75823489-B986-493E-8968-22EA6A086769}.Debug|Any CPU.ActiveCfg = Debug|Any CPU
		{75823489-B986-493E-8968-22EA6A086769}.Debug|Any CPU.Build.0 = Debug|Any CPU
		{75823489-B986-493E-8968-22EA6A086769}.Debug|x64.ActiveCfg = Debug|Any CPU
		{75823489-B986-493E-8968-22EA6A086769}.Debug|x64.Build.0 = Debug|Any CPU
		{75823489-B986-493E-8968-22EA6A086769}.Debug|x86.ActiveCfg = Debug|Any CPU
		{75823489-B986-493E-8968-22EA6A086769}.Debug|x86.Build.0 = Debug|Any CPU
		{75823489-B986-493E-8968-22EA6A086769}.Release|Any CPU.ActiveCfg = Release|Any CPU
		{75823489-B986-493E-8968-22EA6A086769}.Release|Any CPU.Build.0 = Release|Any CPU
		{75823489-B986-493E-8968-22EA6A086769}.Release|x64.ActiveCfg = Release|Any CPU
		{75823489-B986-493E-8968-22EA6A086769}.Release|x64.Build.0 = Release|Any CPU
		{75823489-B986-493E-8968-22EA6A086769}.Release|x86.ActiveCfg = Release|Any CPU
		{75823489-B986-493E-8968-22EA6A086769}.Release|x86.Build.0 = Release|Any CPU
	EndGlobalSection
	GlobalSection(SolutionProperties) = preSolution
		HideSolutionNode = FALSE
	EndGlobalSection
	GlobalSection(NestedProjects) = preSolution
		{E8DD4499-030E-4797-A8C9-BB6891AD907F} = {48D133E2-0428-4425-BA47-49B570ED6732}
		{3B48FC39-46D3-4B20-B593-972F9E9B5690} = {67DB06E6-6771-470C-9191-6BB5A66BC7A9}
		{259CA951-309F-443D-8971-126224B21239} = {48D133E2-0428-4425-BA47-49B570ED6732}
		{D020ED14-EE30-44EF-B8A1-85C5289A6560} = {48D133E2-0428-4425-BA47-49B570ED6732}
		{B3153E69-7CA5-4F63-AAF0-EA56A6E5C386} = {48D133E2-0428-4425-BA47-49B570ED6732}
		{0C640505-2236-440F-8BED-D8EDBAE9A30B} = {8CA054F0-8A0B-4021-BF79-E616EF89B0DC}
		{CC0A6B0D-BC42-4817-9B0C-8E18C48B32D1} = {67DB06E6-6771-470C-9191-6BB5A66BC7A9}
		{882F8BED-7861-4B3B-89FE-620738E37710} = {67DB06E6-6771-470C-9191-6BB5A66BC7A9}
		{75823489-B986-493E-8968-22EA6A086769} = {48D133E2-0428-4425-BA47-49B570ED6732}
	EndGlobalSection
	GlobalSection(ExtensibilityGlobals) = postSolution
		SolutionGuid = {6A63C057-0B2C-4D56-B324-9C7DD21A0B44}
	EndGlobalSection
EndGlobal
